// !$*UTF8*$!
{
	archiveVersion = 1;
	classes = {
	};
	objectVersion = 46;
	objects = {

/* Begin PBXBuildFile section */
		13B07FBC1A68108700A75B9A /* AppDelegate.m in Sources */ = {isa = PBXBuildFile; fileRef = 13B07FB01A68108700A75B9A /* AppDelegate.m */; };
		13B07FBD1A68108700A75B9A /* LaunchScreen.xib in Resources */ = {isa = PBXBuildFile; fileRef = 13B07FB11A68108700A75B9A /* LaunchScreen.xib */; };
		13B07FBF1A68108700A75B9A /* Images.xcassets in Resources */ = {isa = PBXBuildFile; fileRef = 13B07FB51A68108700A75B9A /* Images.xcassets */; };
		13B07FC11A68108700A75B9A /* main.m in Sources */ = {isa = PBXBuildFile; fileRef = 13B07FB71A68108700A75B9A /* main.m */; };
		3E461D99554A48A4959DE609 /* SplashScreen.storyboard in Resources */ = {isa = PBXBuildFile; fileRef = AA286B85B6C04FC6940260E9 /* SplashScreen.storyboard */; };
		96905EF65AED1B983A6B3ABC /* libPods-pictPerfectCIMB.a in Frameworks */ = {isa = PBXBuildFile; fileRef = 58EEBF8E8E6FB1BC6CAF49B5 /* libPods-pictPerfectCIMB.a */; };
		BB2F792D24A3F905000567C9 /* Expo.plist in Resources */ = {isa = PBXBuildFile; fileRef = BB2F792C24A3F905000567C9 /* Expo.plist */; };
		99EBA2367C2746289B76518D /* AntDesign.ttf in Resources */ = {isa = PBXBuildFile; fileRef = 012D7279680B42C880E46F28 /* AntDesign.ttf */; };
		E624A595CEEA42B5BD8ECD97 /* Entypo.ttf in Resources */ = {isa = PBXBuildFile; fileRef = 3B57665B3D0F4774902F15BC /* Entypo.ttf */; };
		F824EF0E235A47E19CFC290B /* EvilIcons.ttf in Resources */ = {isa = PBXBuildFile; fileRef = 15B887B63CB348A7855AAF4F /* EvilIcons.ttf */; };
		76FF4808AE6B428891B4CB76 /* Feather.ttf in Resources */ = {isa = PBXBuildFile; fileRef = 3DA54E4187534A9EA83BE85D /* Feather.ttf */; };
		B732ED92B70C4DECB0010F52 /* FontAwesome.ttf in Resources */ = {isa = PBXBuildFile; fileRef = 1883EBE3CD5E4993A8AABC16 /* FontAwesome.ttf */; };
		9BD60C4EB06E4BC59B9D827E /* FontAwesome5_Brands.ttf in Resources */ = {isa = PBXBuildFile; fileRef = FEEDF8CB8C3D4CA2AE41B2C1 /* FontAwesome5_Brands.ttf */; };
		7DC2F25149E24C2185007D51 /* FontAwesome5_Regular.ttf in Resources */ = {isa = PBXBuildFile; fileRef = BFD41DE3F28D416B9988FA6F /* FontAwesome5_Regular.ttf */; };
		2A7D846EA2E54B24836ABE7C /* FontAwesome5_Solid.ttf in Resources */ = {isa = PBXBuildFile; fileRef = 5073621EECBC48BE9B975BE0 /* FontAwesome5_Solid.ttf */; };
		C45E63ADD84E48BD892D3F61 /* Fontisto.ttf in Resources */ = {isa = PBXBuildFile; fileRef = 32795E573A9E40329A365D44 /* Fontisto.ttf */; };
		0367A901FBC14ED988BD1A85 /* Foundation.ttf in Resources */ = {isa = PBXBuildFile; fileRef = C565C045F32F4B1882F2A4B1 /* Foundation.ttf */; };
		375CABC80F574D73B936735C /* Ionicons.ttf in Resources */ = {isa = PBXBuildFile; fileRef = 9053EB12C6FC47D39C71B69D /* Ionicons.ttf */; };
		C5C1EBD8BAD34270A037E3C3 /* MaterialCommunityIcons.ttf in Resources */ = {isa = PBXBuildFile; fileRef = A13ADC893B97446987C4CFF5 /* MaterialCommunityIcons.ttf */; };
		8D4AAF230A0441F4B35A64EB /* MaterialIcons.ttf in Resources */ = {isa = PBXBuildFile; fileRef = F391A658669546A186BA284D /* MaterialIcons.ttf */; };
		EDF62278FA6F4AE9829FE99B /* Octicons.ttf in Resources */ = {isa = PBXBuildFile; fileRef = FCF7094B3E1442EAB6C5E7A1 /* Octicons.ttf */; };
		863A0302A00C4C4E863EFD61 /* Roboto_medium.ttf in Resources */ = {isa = PBXBuildFile; fileRef = BCBD412452154BA3B287C799 /* Roboto_medium.ttf */; };
		8791165A5C35413F98EFDB68 /* Roboto.ttf in Resources */ = {isa = PBXBuildFile; fileRef = C1C22D65F3F44BD6BC235163 /* Roboto.ttf */; };
		9533AFA3D6104515BF529CC1 /* rubicon-icon-font.ttf in Resources */ = {isa = PBXBuildFile; fileRef = 186A0C6B5E704AB196875F72 /* rubicon-icon-font.ttf */; };
		B5DAC9C7DBF74FCE97418B87 /* SimpleLineIcons.ttf in Resources */ = {isa = PBXBuildFile; fileRef = E0CF60AF07C542FCB301A67B /* SimpleLineIcons.ttf */; };
		BBA6830B7CBB436EA9E7A794 /* Zocial.ttf in Resources */ = {isa = PBXBuildFile; fileRef = 8C0C3A7EB8A0432C99EA0F92 /* Zocial.ttf */; };
		B405BDA97A5C44D1B1753487 /* AvenirNextLTPro_Bold.otf in Resources */ = {isa = PBXBuildFile; fileRef = 13167914969A44C4A2505CE3 /* AvenirNextLTPro_Bold.otf */; };
		889D646BEB1E4926A6653327 /* AvenirNextLTPro_BoldCn.otf in Resources */ = {isa = PBXBuildFile; fileRef = EDBE2EBEFBF44F4B8163D2F0 /* AvenirNextLTPro_BoldCn.otf */; };
		EDD8ADE5EC204366B4330CCD /* AvenirNextLTPro_BoldCnIt.otf in Resources */ = {isa = PBXBuildFile; fileRef = 4405147A36824A35A4925F94 /* AvenirNextLTPro_BoldCnIt.otf */; };
		AFAD6CC541F448768EF59109 /* AvenirNextLTPro_BoldIt.otf in Resources */ = {isa = PBXBuildFile; fileRef = 56FBE29A0CAB419A852B9CDE /* AvenirNextLTPro_BoldIt.otf */; };
		67F8F14194014569A614D0F7 /* AvenirNextLTPro_Cn.otf in Resources */ = {isa = PBXBuildFile; fileRef = 5FCC144A1AAC43878043607B /* AvenirNextLTPro_Cn.otf */; };
		43FE343BCD2E432395F81096 /* AvenirNextLTPro_CnIt.otf in Resources */ = {isa = PBXBuildFile; fileRef = AF705F18953E4CD9903BBE2D /* AvenirNextLTPro_CnIt.otf */; };
		BC92D03DF7B748018F6DCE26 /* AvenirNextLTPro_Demi.otf in Resources */ = {isa = PBXBuildFile; fileRef = 3A88EF4A679A46C68A577C9F /* AvenirNextLTPro_Demi.otf */; };
		7F34B9F3C100459495C50DFB /* AvenirNextLTPro_DemiCn.otf in Resources */ = {isa = PBXBuildFile; fileRef = D150804CCE034119B94B9C77 /* AvenirNextLTPro_DemiCn.otf */; };
		E5AFEE01906A4EDC81F9FE0A /* AvenirNextLTPro_DemiCnIt.otf in Resources */ = {isa = PBXBuildFile; fileRef = 5A725F802AEC42859FF9C6C3 /* AvenirNextLTPro_DemiCnIt.otf */; };
		D83396259A2141E88F6AB23A /* AvenirNextLTPro_DemiIt.otf in Resources */ = {isa = PBXBuildFile; fileRef = 44FF09A168E049B29D8C00A0 /* AvenirNextLTPro_DemiIt.otf */; };
		48243F4B9AEF40F595018C87 /* AvenirNextLTPro_Heavy.otf in Resources */ = {isa = PBXBuildFile; fileRef = 4B5A69AB44B1462D94D95B17 /* AvenirNextLTPro_Heavy.otf */; };
		53CB71B534C74992B0499931 /* AvenirNextLTPro_HeavyCn.otf in Resources */ = {isa = PBXBuildFile; fileRef = CF5F1C37474D482F98431E45 /* AvenirNextLTPro_HeavyCn.otf */; };
		8F4A7A80A46F4CDEB3A558F5 /* AvenirNextLTPro_HeavyCnIt.otf in Resources */ = {isa = PBXBuildFile; fileRef = D6AE374E2BBC4DB5AC4965F0 /* AvenirNextLTPro_HeavyCnIt.otf */; };
		A1B7352A9DD24DF6AB3406F0 /* AvenirNextLTPro_HeavyIt.otf in Resources */ = {isa = PBXBuildFile; fileRef = 416FA09272844EB9BB805441 /* AvenirNextLTPro_HeavyIt.otf */; };
		EC6210878DB945E3B63FC8EB /* AvenirNextLTPro_It.otf in Resources */ = {isa = PBXBuildFile; fileRef = FBDD893C9BA641CDA0E97710 /* AvenirNextLTPro_It.otf */; };
		0E36EBABE784417A97989B11 /* AvenirNextLTPro_Medium.otf in Resources */ = {isa = PBXBuildFile; fileRef = 4FDF6C278F8E4EA18879C37E /* AvenirNextLTPro_Medium.otf */; };
		75E895FAB1664074B5A560BE /* AvenirNextLTPro_MediumCn.otf in Resources */ = {isa = PBXBuildFile; fileRef = 5B182834F75444CC83116F99 /* AvenirNextLTPro_MediumCn.otf */; };
		E19365534B82465295EC9180 /* AvenirNextLTPro_MediumCnIt.otf in Resources */ = {isa = PBXBuildFile; fileRef = B31DA5AEBB024B3882B3BA4C /* AvenirNextLTPro_MediumCnIt.otf */; };
		14B9E74E5BA248B39B865A2B /* AvenirNextLTPro_MediumIt.otf in Resources */ = {isa = PBXBuildFile; fileRef = 05FD2666C97D444C990FE05A /* AvenirNextLTPro_MediumIt.otf */; };
		79681EE963324F47A6327299 /* AvenirNextLTPro_Regular.otf in Resources */ = {isa = PBXBuildFile; fileRef = 403C04760CC3487B8E3C354C /* AvenirNextLTPro_Regular.otf */; };
		604E9E89A06044C486999088 /* AvenirNextLTPro_UltLt.otf in Resources */ = {isa = PBXBuildFile; fileRef = B9018F9F762E4806AA58ECD4 /* AvenirNextLTPro_UltLt.otf */; };
		D1C86F6250584D9484C6B87B /* AvenirNextLTPro_UltLtCn.otf in Resources */ = {isa = PBXBuildFile; fileRef = 869D0FE1967E4B04B71CD69E /* AvenirNextLTPro_UltLtCn.otf */; };
		B1A83E2B59964A1D9FC8F39E /* AvenirNextLTPro_UltLtCnIt.otf in Resources */ = {isa = PBXBuildFile; fileRef = 46D2CCE5128E4AC290C4DAB3 /* AvenirNextLTPro_UltLtCnIt.otf */; };
		D9DAD48304284838BE931559 /* AvenirNextLTPro_UltLtIt.otf in Resources */ = {isa = PBXBuildFile; fileRef = ABFE11BFB60A407F96DFD0CF /* AvenirNextLTPro_UltLtIt.otf */; };
/* End PBXBuildFile section */

/* Begin PBXFileReference section */
		008F07F21AC5B25A0029DE68 /* main.jsbundle */ = {isa = PBXFileReference; fileEncoding = 4; lastKnownFileType = text; path = main.jsbundle; sourceTree = "<group>"; };
		13B07F961A680F5B00A75B9A /* pictPerfectCIMB.app */ = {isa = PBXFileReference; explicitFileType = wrapper.application; includeInIndex = 0; path = pictPerfectCIMB.app; sourceTree = BUILT_PRODUCTS_DIR; };
		13B07FAF1A68108700A75B9A /* AppDelegate.h */ = {isa = PBXFileReference; fileEncoding = 4; lastKnownFileType = sourcecode.c.h; name = AppDelegate.h; path = pictPerfectCIMB/AppDelegate.h; sourceTree = "<group>"; };
		13B07FB01A68108700A75B9A /* AppDelegate.m */ = {isa = PBXFileReference; fileEncoding = 4; lastKnownFileType = sourcecode.c.objc; name = AppDelegate.m; path = pictPerfectCIMB/AppDelegate.m; sourceTree = "<group>"; };
		13B07FB21A68108700A75B9A /* Base */ = {isa = PBXFileReference; lastKnownFileType = file.xib; name = Base; path = Base.lproj/LaunchScreen.xib; sourceTree = "<group>"; };
		13B07FB51A68108700A75B9A /* Images.xcassets */ = {isa = PBXFileReference; lastKnownFileType = folder.assetcatalog; name = Images.xcassets; path = pictPerfectCIMB/Images.xcassets; sourceTree = "<group>"; };
		13B07FB61A68108700A75B9A /* Info.plist */ = {isa = PBXFileReference; fileEncoding = 4; lastKnownFileType = text.plist.xml; name = Info.plist; path = pictPerfectCIMB/Info.plist; sourceTree = "<group>"; };
		13B07FB71A68108700A75B9A /* main.m */ = {isa = PBXFileReference; fileEncoding = 4; lastKnownFileType = sourcecode.c.objc; name = main.m; path = pictPerfectCIMB/main.m; sourceTree = "<group>"; };
		58EEBF8E8E6FB1BC6CAF49B5 /* libPods-pictPerfectCIMB.a */ = {isa = PBXFileReference; explicitFileType = archive.ar; includeInIndex = 0; path = "libPods-pictPerfectCIMB.a"; sourceTree = BUILT_PRODUCTS_DIR; };
		6C2E3173556A471DD304B334 /* Pods-pictPerfectCIMB.debug.xcconfig */ = {isa = PBXFileReference; includeInIndex = 1; lastKnownFileType = text.xcconfig; name = "Pods-pictPerfectCIMB.debug.xcconfig"; path = "Target Support Files/Pods-pictPerfectCIMB/Pods-pictPerfectCIMB.debug.xcconfig"; sourceTree = "<group>"; };
		7A4D352CD337FB3A3BF06240 /* Pods-pictPerfectCIMB.release.xcconfig */ = {isa = PBXFileReference; includeInIndex = 1; lastKnownFileType = text.xcconfig; name = "Pods-pictPerfectCIMB.release.xcconfig"; path = "Target Support Files/Pods-pictPerfectCIMB/Pods-pictPerfectCIMB.release.xcconfig"; sourceTree = "<group>"; };
		AA286B85B6C04FC6940260E9 /* SplashScreen.storyboard */ = {isa = PBXFileReference; fileEncoding = 4; lastKnownFileType = file.storyboard; name = SplashScreen.storyboard; path = pictPerfectCIMB/SplashScreen.storyboard; sourceTree = "<group>"; };
		BB2F792C24A3F905000567C9 /* Expo.plist */ = {isa = PBXFileReference; fileEncoding = 4; lastKnownFileType = text.plist.xml; path = Expo.plist; sourceTree = "<group>"; };
		ED297162215061F000B7C4FE /* JavaScriptCore.framework */ = {isa = PBXFileReference; lastKnownFileType = wrapper.framework; name = JavaScriptCore.framework; path = System/Library/Frameworks/JavaScriptCore.framework; sourceTree = SDKROOT; };
		ED2971642150620600B7C4FE /* JavaScriptCore.framework */ = {isa = PBXFileReference; lastKnownFileType = wrapper.framework; name = JavaScriptCore.framework; path = Platforms/AppleTVOS.platform/Developer/SDKs/AppleTVOS12.0.sdk/System/Library/Frameworks/JavaScriptCore.framework; sourceTree = DEVELOPER_DIR; };
		012D7279680B42C880E46F28 /* AntDesign.ttf */ = {isa = PBXFileReference; name = "AntDesign.ttf"; path = "../node_modules/native-base/Fonts/AntDesign.ttf"; sourceTree = "<group>"; fileEncoding = undefined; lastKnownFileType = unknown; explicitFileType = undefined; includeInIndex = 0; };
		3B57665B3D0F4774902F15BC /* Entypo.ttf */ = {isa = PBXFileReference; name = "Entypo.ttf"; path = "../node_modules/native-base/Fonts/Entypo.ttf"; sourceTree = "<group>"; fileEncoding = undefined; lastKnownFileType = unknown; explicitFileType = undefined; includeInIndex = 0; };
		15B887B63CB348A7855AAF4F /* EvilIcons.ttf */ = {isa = PBXFileReference; name = "EvilIcons.ttf"; path = "../node_modules/native-base/Fonts/EvilIcons.ttf"; sourceTree = "<group>"; fileEncoding = undefined; lastKnownFileType = unknown; explicitFileType = undefined; includeInIndex = 0; };
		3DA54E4187534A9EA83BE85D /* Feather.ttf */ = {isa = PBXFileReference; name = "Feather.ttf"; path = "../node_modules/native-base/Fonts/Feather.ttf"; sourceTree = "<group>"; fileEncoding = undefined; lastKnownFileType = unknown; explicitFileType = undefined; includeInIndex = 0; };
		1883EBE3CD5E4993A8AABC16 /* FontAwesome.ttf */ = {isa = PBXFileReference; name = "FontAwesome.ttf"; path = "../node_modules/native-base/Fonts/FontAwesome.ttf"; sourceTree = "<group>"; fileEncoding = undefined; lastKnownFileType = unknown; explicitFileType = undefined; includeInIndex = 0; };
		FEEDF8CB8C3D4CA2AE41B2C1 /* FontAwesome5_Brands.ttf */ = {isa = PBXFileReference; name = "FontAwesome5_Brands.ttf"; path = "../node_modules/native-base/Fonts/FontAwesome5_Brands.ttf"; sourceTree = "<group>"; fileEncoding = undefined; lastKnownFileType = unknown; explicitFileType = undefined; includeInIndex = 0; };
		BFD41DE3F28D416B9988FA6F /* FontAwesome5_Regular.ttf */ = {isa = PBXFileReference; name = "FontAwesome5_Regular.ttf"; path = "../node_modules/native-base/Fonts/FontAwesome5_Regular.ttf"; sourceTree = "<group>"; fileEncoding = undefined; lastKnownFileType = unknown; explicitFileType = undefined; includeInIndex = 0; };
		5073621EECBC48BE9B975BE0 /* FontAwesome5_Solid.ttf */ = {isa = PBXFileReference; name = "FontAwesome5_Solid.ttf"; path = "../node_modules/native-base/Fonts/FontAwesome5_Solid.ttf"; sourceTree = "<group>"; fileEncoding = undefined; lastKnownFileType = unknown; explicitFileType = undefined; includeInIndex = 0; };
		32795E573A9E40329A365D44 /* Fontisto.ttf */ = {isa = PBXFileReference; name = "Fontisto.ttf"; path = "../node_modules/native-base/Fonts/Fontisto.ttf"; sourceTree = "<group>"; fileEncoding = undefined; lastKnownFileType = unknown; explicitFileType = undefined; includeInIndex = 0; };
		C565C045F32F4B1882F2A4B1 /* Foundation.ttf */ = {isa = PBXFileReference; name = "Foundation.ttf"; path = "../node_modules/native-base/Fonts/Foundation.ttf"; sourceTree = "<group>"; fileEncoding = undefined; lastKnownFileType = unknown; explicitFileType = undefined; includeInIndex = 0; };
		9053EB12C6FC47D39C71B69D /* Ionicons.ttf */ = {isa = PBXFileReference; name = "Ionicons.ttf"; path = "../node_modules/native-base/Fonts/Ionicons.ttf"; sourceTree = "<group>"; fileEncoding = undefined; lastKnownFileType = unknown; explicitFileType = undefined; includeInIndex = 0; };
		A13ADC893B97446987C4CFF5 /* MaterialCommunityIcons.ttf */ = {isa = PBXFileReference; name = "MaterialCommunityIcons.ttf"; path = "../node_modules/native-base/Fonts/MaterialCommunityIcons.ttf"; sourceTree = "<group>"; fileEncoding = undefined; lastKnownFileType = unknown; explicitFileType = undefined; includeInIndex = 0; };
		F391A658669546A186BA284D /* MaterialIcons.ttf */ = {isa = PBXFileReference; name = "MaterialIcons.ttf"; path = "../node_modules/native-base/Fonts/MaterialIcons.ttf"; sourceTree = "<group>"; fileEncoding = undefined; lastKnownFileType = unknown; explicitFileType = undefined; includeInIndex = 0; };
		FCF7094B3E1442EAB6C5E7A1 /* Octicons.ttf */ = {isa = PBXFileReference; name = "Octicons.ttf"; path = "../node_modules/native-base/Fonts/Octicons.ttf"; sourceTree = "<group>"; fileEncoding = undefined; lastKnownFileType = unknown; explicitFileType = undefined; includeInIndex = 0; };
		BCBD412452154BA3B287C799 /* Roboto_medium.ttf */ = {isa = PBXFileReference; name = "Roboto_medium.ttf"; path = "../node_modules/native-base/Fonts/Roboto_medium.ttf"; sourceTree = "<group>"; fileEncoding = undefined; lastKnownFileType = unknown; explicitFileType = undefined; includeInIndex = 0; };
		C1C22D65F3F44BD6BC235163 /* Roboto.ttf */ = {isa = PBXFileReference; name = "Roboto.ttf"; path = "../node_modules/native-base/Fonts/Roboto.ttf"; sourceTree = "<group>"; fileEncoding = undefined; lastKnownFileType = unknown; explicitFileType = undefined; includeInIndex = 0; };
		186A0C6B5E704AB196875F72 /* rubicon-icon-font.ttf */ = {isa = PBXFileReference; name = "rubicon-icon-font.ttf"; path = "../node_modules/native-base/Fonts/rubicon-icon-font.ttf"; sourceTree = "<group>"; fileEncoding = undefined; lastKnownFileType = unknown; explicitFileType = undefined; includeInIndex = 0; };
		E0CF60AF07C542FCB301A67B /* SimpleLineIcons.ttf */ = {isa = PBXFileReference; name = "SimpleLineIcons.ttf"; path = "../node_modules/native-base/Fonts/SimpleLineIcons.ttf"; sourceTree = "<group>"; fileEncoding = undefined; lastKnownFileType = unknown; explicitFileType = undefined; includeInIndex = 0; };
		8C0C3A7EB8A0432C99EA0F92 /* Zocial.ttf */ = {isa = PBXFileReference; name = "Zocial.ttf"; path = "../node_modules/native-base/Fonts/Zocial.ttf"; sourceTree = "<group>"; fileEncoding = undefined; lastKnownFileType = unknown; explicitFileType = undefined; includeInIndex = 0; };
		13167914969A44C4A2505CE3 /* AvenirNextLTPro_Bold.otf */ = {isa = PBXFileReference; name = "AvenirNextLTPro_Bold.otf"; path = "../assets/fonts/AvenirNextLTPro_Bold.otf"; sourceTree = "<group>"; fileEncoding = undefined; lastKnownFileType = unknown; explicitFileType = undefined; includeInIndex = 0; };
		EDBE2EBEFBF44F4B8163D2F0 /* AvenirNextLTPro_BoldCn.otf */ = {isa = PBXFileReference; name = "AvenirNextLTPro_BoldCn.otf"; path = "../assets/fonts/AvenirNextLTPro_BoldCn.otf"; sourceTree = "<group>"; fileEncoding = undefined; lastKnownFileType = unknown; explicitFileType = undefined; includeInIndex = 0; };
		4405147A36824A35A4925F94 /* AvenirNextLTPro_BoldCnIt.otf */ = {isa = PBXFileReference; name = "AvenirNextLTPro_BoldCnIt.otf"; path = "../assets/fonts/AvenirNextLTPro_BoldCnIt.otf"; sourceTree = "<group>"; fileEncoding = undefined; lastKnownFileType = unknown; explicitFileType = undefined; includeInIndex = 0; };
		56FBE29A0CAB419A852B9CDE /* AvenirNextLTPro_BoldIt.otf */ = {isa = PBXFileReference; name = "AvenirNextLTPro_BoldIt.otf"; path = "../assets/fonts/AvenirNextLTPro_BoldIt.otf"; sourceTree = "<group>"; fileEncoding = undefined; lastKnownFileType = unknown; explicitFileType = undefined; includeInIndex = 0; };
		5FCC144A1AAC43878043607B /* AvenirNextLTPro_Cn.otf */ = {isa = PBXFileReference; name = "AvenirNextLTPro_Cn.otf"; path = "../assets/fonts/AvenirNextLTPro_Cn.otf"; sourceTree = "<group>"; fileEncoding = undefined; lastKnownFileType = unknown; explicitFileType = undefined; includeInIndex = 0; };
		AF705F18953E4CD9903BBE2D /* AvenirNextLTPro_CnIt.otf */ = {isa = PBXFileReference; name = "AvenirNextLTPro_CnIt.otf"; path = "../assets/fonts/AvenirNextLTPro_CnIt.otf"; sourceTree = "<group>"; fileEncoding = undefined; lastKnownFileType = unknown; explicitFileType = undefined; includeInIndex = 0; };
		3A88EF4A679A46C68A577C9F /* AvenirNextLTPro_Demi.otf */ = {isa = PBXFileReference; name = "AvenirNextLTPro_Demi.otf"; path = "../assets/fonts/AvenirNextLTPro_Demi.otf"; sourceTree = "<group>"; fileEncoding = undefined; lastKnownFileType = unknown; explicitFileType = undefined; includeInIndex = 0; };
		D150804CCE034119B94B9C77 /* AvenirNextLTPro_DemiCn.otf */ = {isa = PBXFileReference; name = "AvenirNextLTPro_DemiCn.otf"; path = "../assets/fonts/AvenirNextLTPro_DemiCn.otf"; sourceTree = "<group>"; fileEncoding = undefined; lastKnownFileType = unknown; explicitFileType = undefined; includeInIndex = 0; };
		5A725F802AEC42859FF9C6C3 /* AvenirNextLTPro_DemiCnIt.otf */ = {isa = PBXFileReference; name = "AvenirNextLTPro_DemiCnIt.otf"; path = "../assets/fonts/AvenirNextLTPro_DemiCnIt.otf"; sourceTree = "<group>"; fileEncoding = undefined; lastKnownFileType = unknown; explicitFileType = undefined; includeInIndex = 0; };
		44FF09A168E049B29D8C00A0 /* AvenirNextLTPro_DemiIt.otf */ = {isa = PBXFileReference; name = "AvenirNextLTPro_DemiIt.otf"; path = "../assets/fonts/AvenirNextLTPro_DemiIt.otf"; sourceTree = "<group>"; fileEncoding = undefined; lastKnownFileType = unknown; explicitFileType = undefined; includeInIndex = 0; };
		4B5A69AB44B1462D94D95B17 /* AvenirNextLTPro_Heavy.otf */ = {isa = PBXFileReference; name = "AvenirNextLTPro_Heavy.otf"; path = "../assets/fonts/AvenirNextLTPro_Heavy.otf"; sourceTree = "<group>"; fileEncoding = undefined; lastKnownFileType = unknown; explicitFileType = undefined; includeInIndex = 0; };
		CF5F1C37474D482F98431E45 /* AvenirNextLTPro_HeavyCn.otf */ = {isa = PBXFileReference; name = "AvenirNextLTPro_HeavyCn.otf"; path = "../assets/fonts/AvenirNextLTPro_HeavyCn.otf"; sourceTree = "<group>"; fileEncoding = undefined; lastKnownFileType = unknown; explicitFileType = undefined; includeInIndex = 0; };
		D6AE374E2BBC4DB5AC4965F0 /* AvenirNextLTPro_HeavyCnIt.otf */ = {isa = PBXFileReference; name = "AvenirNextLTPro_HeavyCnIt.otf"; path = "../assets/fonts/AvenirNextLTPro_HeavyCnIt.otf"; sourceTree = "<group>"; fileEncoding = undefined; lastKnownFileType = unknown; explicitFileType = undefined; includeInIndex = 0; };
		416FA09272844EB9BB805441 /* AvenirNextLTPro_HeavyIt.otf */ = {isa = PBXFileReference; name = "AvenirNextLTPro_HeavyIt.otf"; path = "../assets/fonts/AvenirNextLTPro_HeavyIt.otf"; sourceTree = "<group>"; fileEncoding = undefined; lastKnownFileType = unknown; explicitFileType = undefined; includeInIndex = 0; };
		FBDD893C9BA641CDA0E97710 /* AvenirNextLTPro_It.otf */ = {isa = PBXFileReference; name = "AvenirNextLTPro_It.otf"; path = "../assets/fonts/AvenirNextLTPro_It.otf"; sourceTree = "<group>"; fileEncoding = undefined; lastKnownFileType = unknown; explicitFileType = undefined; includeInIndex = 0; };
		4FDF6C278F8E4EA18879C37E /* AvenirNextLTPro_Medium.otf */ = {isa = PBXFileReference; name = "AvenirNextLTPro_Medium.otf"; path = "../assets/fonts/AvenirNextLTPro_Medium.otf"; sourceTree = "<group>"; fileEncoding = undefined; lastKnownFileType = unknown; explicitFileType = undefined; includeInIndex = 0; };
		5B182834F75444CC83116F99 /* AvenirNextLTPro_MediumCn.otf */ = {isa = PBXFileReference; name = "AvenirNextLTPro_MediumCn.otf"; path = "../assets/fonts/AvenirNextLTPro_MediumCn.otf"; sourceTree = "<group>"; fileEncoding = undefined; lastKnownFileType = unknown; explicitFileType = undefined; includeInIndex = 0; };
		B31DA5AEBB024B3882B3BA4C /* AvenirNextLTPro_MediumCnIt.otf */ = {isa = PBXFileReference; name = "AvenirNextLTPro_MediumCnIt.otf"; path = "../assets/fonts/AvenirNextLTPro_MediumCnIt.otf"; sourceTree = "<group>"; fileEncoding = undefined; lastKnownFileType = unknown; explicitFileType = undefined; includeInIndex = 0; };
		05FD2666C97D444C990FE05A /* AvenirNextLTPro_MediumIt.otf */ = {isa = PBXFileReference; name = "AvenirNextLTPro_MediumIt.otf"; path = "../assets/fonts/AvenirNextLTPro_MediumIt.otf"; sourceTree = "<group>"; fileEncoding = undefined; lastKnownFileType = unknown; explicitFileType = undefined; includeInIndex = 0; };
		403C04760CC3487B8E3C354C /* AvenirNextLTPro_Regular.otf */ = {isa = PBXFileReference; name = "AvenirNextLTPro_Regular.otf"; path = "../assets/fonts/AvenirNextLTPro_Regular.otf"; sourceTree = "<group>"; fileEncoding = undefined; lastKnownFileType = unknown; explicitFileType = undefined; includeInIndex = 0; };
		B9018F9F762E4806AA58ECD4 /* AvenirNextLTPro_UltLt.otf */ = {isa = PBXFileReference; name = "AvenirNextLTPro_UltLt.otf"; path = "../assets/fonts/AvenirNextLTPro_UltLt.otf"; sourceTree = "<group>"; fileEncoding = undefined; lastKnownFileType = unknown; explicitFileType = undefined; includeInIndex = 0; };
		869D0FE1967E4B04B71CD69E /* AvenirNextLTPro_UltLtCn.otf */ = {isa = PBXFileReference; name = "AvenirNextLTPro_UltLtCn.otf"; path = "../assets/fonts/AvenirNextLTPro_UltLtCn.otf"; sourceTree = "<group>"; fileEncoding = undefined; lastKnownFileType = unknown; explicitFileType = undefined; includeInIndex = 0; };
		46D2CCE5128E4AC290C4DAB3 /* AvenirNextLTPro_UltLtCnIt.otf */ = {isa = PBXFileReference; name = "AvenirNextLTPro_UltLtCnIt.otf"; path = "../assets/fonts/AvenirNextLTPro_UltLtCnIt.otf"; sourceTree = "<group>"; fileEncoding = undefined; lastKnownFileType = unknown; explicitFileType = undefined; includeInIndex = 0; };
		ABFE11BFB60A407F96DFD0CF /* AvenirNextLTPro_UltLtIt.otf */ = {isa = PBXFileReference; name = "AvenirNextLTPro_UltLtIt.otf"; path = "../assets/fonts/AvenirNextLTPro_UltLtIt.otf"; sourceTree = "<group>"; fileEncoding = undefined; lastKnownFileType = unknown; explicitFileType = undefined; includeInIndex = 0; };
/* End PBXFileReference section */

/* Begin PBXFrameworksBuildPhase section */
		13B07F8C1A680F5B00A75B9A /* Frameworks */ = {
			isa = PBXFrameworksBuildPhase;
			buildActionMask = 2147483647;
			files = (
				96905EF65AED1B983A6B3ABC /* libPods-pictPerfectCIMB.a in Frameworks */,
			);
			runOnlyForDeploymentPostprocessing = 0;
		};
/* End PBXFrameworksBuildPhase section */

/* Begin PBXGroup section */
		13B07FAE1A68108700A75B9A /* pictPerfectCIMB */ = {
			isa = PBXGroup;
			children = (
				BB2F792B24A3F905000567C9 /* Supporting */,
				008F07F21AC5B25A0029DE68 /* main.jsbundle */,
				13B07FAF1A68108700A75B9A /* AppDelegate.h */,
				13B07FB01A68108700A75B9A /* AppDelegate.m */,
				13B07FB51A68108700A75B9A /* Images.xcassets */,
				13B07FB61A68108700A75B9A /* Info.plist */,
				13B07FB11A68108700A75B9A /* LaunchScreen.xib */,
				13B07FB71A68108700A75B9A /* main.m */,
				AA286B85B6C04FC6940260E9 /* SplashScreen.storyboard */,
			);
			name = pictPerfectCIMB;
			sourceTree = "<group>";
		};
		2D16E6871FA4F8E400B85C8A /* Frameworks */ = {
			isa = PBXGroup;
			children = (
				ED297162215061F000B7C4FE /* JavaScriptCore.framework */,
				ED2971642150620600B7C4FE /* JavaScriptCore.framework */,
				58EEBF8E8E6FB1BC6CAF49B5 /* libPods-pictPerfectCIMB.a */,
			);
			name = Frameworks;
			sourceTree = "<group>";
		};
		832341AE1AAA6A7D00B99B32 /* Libraries */ = {
			isa = PBXGroup;
			children = (
			);
			name = Libraries;
			sourceTree = "<group>";
		};
		83CBB9F61A601CBA00E9B192 = {
			isa = PBXGroup;
			children = (
				13B07FAE1A68108700A75B9A /* pictPerfectCIMB */,
				832341AE1AAA6A7D00B99B32 /* Libraries */,
				83CBBA001A601CBA00E9B192 /* Products */,
				2D16E6871FA4F8E400B85C8A /* Frameworks */,
				D65327D7A22EEC0BE12398D9 /* Pods */,
				2700317216F74FD3804F3E01 /* Resources */,
			);
			indentWidth = 2;
			sourceTree = "<group>";
			tabWidth = 2;
			usesTabs = 0;
		};
		83CBBA001A601CBA00E9B192 /* Products */ = {
			isa = PBXGroup;
			children = (
				13B07F961A680F5B00A75B9A /* pictPerfectCIMB.app */,
			);
			name = Products;
			sourceTree = "<group>";
		};
		BB2F792B24A3F905000567C9 /* Supporting */ = {
			isa = PBXGroup;
			children = (
				BB2F792C24A3F905000567C9 /* Expo.plist */,
			);
			name = Supporting;
			path = pictPerfectCIMB/Supporting;
			sourceTree = "<group>";
		};
		D65327D7A22EEC0BE12398D9 /* Pods */ = {
			isa = PBXGroup;
			children = (
				6C2E3173556A471DD304B334 /* Pods-pictPerfectCIMB.debug.xcconfig */,
				7A4D352CD337FB3A3BF06240 /* Pods-pictPerfectCIMB.release.xcconfig */,
			);
			path = Pods;
			sourceTree = "<group>";
		};
		2700317216F74FD3804F3E01 /* Resources */ = {
			isa = "PBXGroup";
			children = (
				012D7279680B42C880E46F28 /* AntDesign.ttf */,
				3B57665B3D0F4774902F15BC /* Entypo.ttf */,
				15B887B63CB348A7855AAF4F /* EvilIcons.ttf */,
				3DA54E4187534A9EA83BE85D /* Feather.ttf */,
				1883EBE3CD5E4993A8AABC16 /* FontAwesome.ttf */,
				FEEDF8CB8C3D4CA2AE41B2C1 /* FontAwesome5_Brands.ttf */,
				BFD41DE3F28D416B9988FA6F /* FontAwesome5_Regular.ttf */,
				5073621EECBC48BE9B975BE0 /* FontAwesome5_Solid.ttf */,
				32795E573A9E40329A365D44 /* Fontisto.ttf */,
				C565C045F32F4B1882F2A4B1 /* Foundation.ttf */,
				9053EB12C6FC47D39C71B69D /* Ionicons.ttf */,
				A13ADC893B97446987C4CFF5 /* MaterialCommunityIcons.ttf */,
				F391A658669546A186BA284D /* MaterialIcons.ttf */,
				FCF7094B3E1442EAB6C5E7A1 /* Octicons.ttf */,
				BCBD412452154BA3B287C799 /* Roboto_medium.ttf */,
				C1C22D65F3F44BD6BC235163 /* Roboto.ttf */,
				186A0C6B5E704AB196875F72 /* rubicon-icon-font.ttf */,
				E0CF60AF07C542FCB301A67B /* SimpleLineIcons.ttf */,
				8C0C3A7EB8A0432C99EA0F92 /* Zocial.ttf */,
				13167914969A44C4A2505CE3 /* AvenirNextLTPro_Bold.otf */,
				EDBE2EBEFBF44F4B8163D2F0 /* AvenirNextLTPro_BoldCn.otf */,
				4405147A36824A35A4925F94 /* AvenirNextLTPro_BoldCnIt.otf */,
				56FBE29A0CAB419A852B9CDE /* AvenirNextLTPro_BoldIt.otf */,
				5FCC144A1AAC43878043607B /* AvenirNextLTPro_Cn.otf */,
				AF705F18953E4CD9903BBE2D /* AvenirNextLTPro_CnIt.otf */,
				3A88EF4A679A46C68A577C9F /* AvenirNextLTPro_Demi.otf */,
				D150804CCE034119B94B9C77 /* AvenirNextLTPro_DemiCn.otf */,
				5A725F802AEC42859FF9C6C3 /* AvenirNextLTPro_DemiCnIt.otf */,
				44FF09A168E049B29D8C00A0 /* AvenirNextLTPro_DemiIt.otf */,
				4B5A69AB44B1462D94D95B17 /* AvenirNextLTPro_Heavy.otf */,
				CF5F1C37474D482F98431E45 /* AvenirNextLTPro_HeavyCn.otf */,
				D6AE374E2BBC4DB5AC4965F0 /* AvenirNextLTPro_HeavyCnIt.otf */,
				416FA09272844EB9BB805441 /* AvenirNextLTPro_HeavyIt.otf */,
				FBDD893C9BA641CDA0E97710 /* AvenirNextLTPro_It.otf */,
				4FDF6C278F8E4EA18879C37E /* AvenirNextLTPro_Medium.otf */,
				5B182834F75444CC83116F99 /* AvenirNextLTPro_MediumCn.otf */,
				B31DA5AEBB024B3882B3BA4C /* AvenirNextLTPro_MediumCnIt.otf */,
				05FD2666C97D444C990FE05A /* AvenirNextLTPro_MediumIt.otf */,
				403C04760CC3487B8E3C354C /* AvenirNextLTPro_Regular.otf */,
				B9018F9F762E4806AA58ECD4 /* AvenirNextLTPro_UltLt.otf */,
				869D0FE1967E4B04B71CD69E /* AvenirNextLTPro_UltLtCn.otf */,
				46D2CCE5128E4AC290C4DAB3 /* AvenirNextLTPro_UltLtCnIt.otf */,
				ABFE11BFB60A407F96DFD0CF /* AvenirNextLTPro_UltLtIt.otf */,
			);
			name = Resources;
			sourceTree = "<group>";
			path = "";
		};
/* End PBXGroup section */

/* Begin PBXNativeTarget section */
		13B07F861A680F5B00A75B9A /* pictPerfectCIMB */ = {
			isa = PBXNativeTarget;
			buildConfigurationList = 13B07F931A680F5B00A75B9A /* Build configuration list for PBXNativeTarget "pictPerfectCIMB" */;
			buildPhases = (
				08A4A3CD28434E44B6B9DE2E /* [CP] Check Pods Manifest.lock */,
				FD10A7F022414F080027D42C /* Start Packager */,
				13B07F871A680F5B00A75B9A /* Sources */,
				13B07F8C1A680F5B00A75B9A /* Frameworks */,
				13B07F8E1A680F5B00A75B9A /* Resources */,
				00DD1BFF1BD5951E006B06BC /* Bundle React Native code and images */,
			);
			buildRules = (
			);
			dependencies = (
			);
			name = pictPerfectCIMB;
			productName = pictPerfectCIMB;
			productReference = 13B07F961A680F5B00A75B9A /* pictPerfectCIMB.app */;
			productType = "com.apple.product-type.application";
		};
/* End PBXNativeTarget section */

/* Begin PBXProject section */
		83CBB9F71A601CBA00E9B192 /* Project object */ = {
			isa = PBXProject;
			attributes = {
				LastUpgradeCheck = 1130;
				TargetAttributes = {
					13B07F861A680F5B00A75B9A = {
						LastSwiftMigration = 1120;
					};
				};
			};
			buildConfigurationList = 83CBB9FA1A601CBA00E9B192 /* Build configuration list for PBXProject "pictPerfectCIMB" */;
			compatibilityVersion = "Xcode 3.2";
			developmentRegion = en;
			hasScannedForEncodings = 0;
			knownRegions = (
				en,
				Base,
			);
			mainGroup = 83CBB9F61A601CBA00E9B192;
			productRefGroup = 83CBBA001A601CBA00E9B192 /* Products */;
			projectDirPath = "";
			projectRoot = "";
			targets = (
				13B07F861A680F5B00A75B9A /* pictPerfectCIMB */,
			);
		};
/* End PBXProject section */

/* Begin PBXResourcesBuildPhase section */
		13B07F8E1A680F5B00A75B9A /* Resources */ = {
			isa = PBXResourcesBuildPhase;
			buildActionMask = 2147483647;
			files = (
				BB2F792D24A3F905000567C9 /* Expo.plist in Resources */,
				13B07FBF1A68108700A75B9A /* Images.xcassets in Resources */,
				13B07FBD1A68108700A75B9A /* LaunchScreen.xib in Resources */,
				3E461D99554A48A4959DE609 /* SplashScreen.storyboard in Resources */,
				99EBA2367C2746289B76518D /* AntDesign.ttf in Resources */,
				E624A595CEEA42B5BD8ECD97 /* Entypo.ttf in Resources */,
				F824EF0E235A47E19CFC290B /* EvilIcons.ttf in Resources */,
				76FF4808AE6B428891B4CB76 /* Feather.ttf in Resources */,
				B732ED92B70C4DECB0010F52 /* FontAwesome.ttf in Resources */,
				9BD60C4EB06E4BC59B9D827E /* FontAwesome5_Brands.ttf in Resources */,
				7DC2F25149E24C2185007D51 /* FontAwesome5_Regular.ttf in Resources */,
				2A7D846EA2E54B24836ABE7C /* FontAwesome5_Solid.ttf in Resources */,
				C45E63ADD84E48BD892D3F61 /* Fontisto.ttf in Resources */,
				0367A901FBC14ED988BD1A85 /* Foundation.ttf in Resources */,
				375CABC80F574D73B936735C /* Ionicons.ttf in Resources */,
				C5C1EBD8BAD34270A037E3C3 /* MaterialCommunityIcons.ttf in Resources */,
				8D4AAF230A0441F4B35A64EB /* MaterialIcons.ttf in Resources */,
				EDF62278FA6F4AE9829FE99B /* Octicons.ttf in Resources */,
				863A0302A00C4C4E863EFD61 /* Roboto_medium.ttf in Resources */,
				8791165A5C35413F98EFDB68 /* Roboto.ttf in Resources */,
				9533AFA3D6104515BF529CC1 /* rubicon-icon-font.ttf in Resources */,
				B5DAC9C7DBF74FCE97418B87 /* SimpleLineIcons.ttf in Resources */,
				BBA6830B7CBB436EA9E7A794 /* Zocial.ttf in Resources */,
				B405BDA97A5C44D1B1753487 /* AvenirNextLTPro_Bold.otf in Resources */,
				889D646BEB1E4926A6653327 /* AvenirNextLTPro_BoldCn.otf in Resources */,
				EDD8ADE5EC204366B4330CCD /* AvenirNextLTPro_BoldCnIt.otf in Resources */,
				AFAD6CC541F448768EF59109 /* AvenirNextLTPro_BoldIt.otf in Resources */,
				67F8F14194014569A614D0F7 /* AvenirNextLTPro_Cn.otf in Resources */,
				43FE343BCD2E432395F81096 /* AvenirNextLTPro_CnIt.otf in Resources */,
				BC92D03DF7B748018F6DCE26 /* AvenirNextLTPro_Demi.otf in Resources */,
				7F34B9F3C100459495C50DFB /* AvenirNextLTPro_DemiCn.otf in Resources */,
				E5AFEE01906A4EDC81F9FE0A /* AvenirNextLTPro_DemiCnIt.otf in Resources */,
				D83396259A2141E88F6AB23A /* AvenirNextLTPro_DemiIt.otf in Resources */,
				48243F4B9AEF40F595018C87 /* AvenirNextLTPro_Heavy.otf in Resources */,
				53CB71B534C74992B0499931 /* AvenirNextLTPro_HeavyCn.otf in Resources */,
				8F4A7A80A46F4CDEB3A558F5 /* AvenirNextLTPro_HeavyCnIt.otf in Resources */,
				A1B7352A9DD24DF6AB3406F0 /* AvenirNextLTPro_HeavyIt.otf in Resources */,
				EC6210878DB945E3B63FC8EB /* AvenirNextLTPro_It.otf in Resources */,
				0E36EBABE784417A97989B11 /* AvenirNextLTPro_Medium.otf in Resources */,
				75E895FAB1664074B5A560BE /* AvenirNextLTPro_MediumCn.otf in Resources */,
				E19365534B82465295EC9180 /* AvenirNextLTPro_MediumCnIt.otf in Resources */,
				14B9E74E5BA248B39B865A2B /* AvenirNextLTPro_MediumIt.otf in Resources */,
				79681EE963324F47A6327299 /* AvenirNextLTPro_Regular.otf in Resources */,
				604E9E89A06044C486999088 /* AvenirNextLTPro_UltLt.otf in Resources */,
				D1C86F6250584D9484C6B87B /* AvenirNextLTPro_UltLtCn.otf in Resources */,
				B1A83E2B59964A1D9FC8F39E /* AvenirNextLTPro_UltLtCnIt.otf in Resources */,
				D9DAD48304284838BE931559 /* AvenirNextLTPro_UltLtIt.otf in Resources */,
			);
			runOnlyForDeploymentPostprocessing = 0;
		};
/* End PBXResourcesBuildPhase section */

/* Begin PBXShellScriptBuildPhase section */
		00DD1BFF1BD5951E006B06BC /* Bundle React Native code and images */ = {
			isa = PBXShellScriptBuildPhase;
			buildActionMask = 2147483647;
			files = (
			);
			inputPaths = (
			);
			name = "Bundle React Native code and images";
			outputPaths = (
			);
			runOnlyForDeploymentPostprocessing = 0;
			shellPath = /bin/sh;
			shellScript = "export NODE_BINARY=node\n../node_modules/react-native/scripts/react-native-xcode.sh\n../node_modules/expo-updates/scripts/create-manifest-ios.sh\n";
		};
		08A4A3CD28434E44B6B9DE2E /* [CP] Check Pods Manifest.lock */ = {
			isa = PBXShellScriptBuildPhase;
			buildActionMask = 2147483647;
			files = (
			);
			inputFileListPaths = (
			);
			inputPaths = (
				"${PODS_PODFILE_DIR_PATH}/Podfile.lock",
				"${PODS_ROOT}/Manifest.lock",
			);
			name = "[CP] Check Pods Manifest.lock";
			outputFileListPaths = (
			);
			outputPaths = (
				"$(DERIVED_FILE_DIR)/Pods-pictPerfectCIMB-checkManifestLockResult.txt",
			);
			runOnlyForDeploymentPostprocessing = 0;
			shellPath = /bin/sh;
			shellScript = "diff \"${PODS_PODFILE_DIR_PATH}/Podfile.lock\" \"${PODS_ROOT}/Manifest.lock\" > /dev/null\nif [ $? != 0 ] ; then\n    # print error to STDERR\n    echo \"error: The sandbox is not in sync with the Podfile.lock. Run 'pod install' or update your CocoaPods installation.\" >&2\n    exit 1\nfi\n# This output is used by Xcode 'outputs' to avoid re-running this script phase.\necho \"SUCCESS\" > \"${SCRIPT_OUTPUT_FILE_0}\"\n";
			showEnvVarsInLog = 0;
		};
		FD10A7F022414F080027D42C /* Start Packager */ = {
			isa = PBXShellScriptBuildPhase;
			buildActionMask = 2147483647;
			files = (
			);
			inputFileListPaths = (
			);
			inputPaths = (
			);
			name = "Start Packager";
			outputFileListPaths = (
			);
			outputPaths = (
			);
			runOnlyForDeploymentPostprocessing = 0;
			shellPath = /bin/sh;
			shellScript = "export RCT_METRO_PORT=\"${RCT_METRO_PORT:=8081}\"\necho \"export RCT_METRO_PORT=${RCT_METRO_PORT}\" > \"${SRCROOT}/../node_modules/react-native/scripts/.packager.env\"\nif [ -z \"${RCT_NO_LAUNCH_PACKAGER+xxx}\" ] ; then\n  if nc -w 5 -z localhost ${RCT_METRO_PORT} ; then\n    if ! curl -s \"http://localhost:${RCT_METRO_PORT}/status\" | grep -q \"packager-status:running\" ; then\n      echo \"Port ${RCT_METRO_PORT} already in use, packager is either not running or not running correctly\"\n      exit 2\n    fi\n  else\n    open \"$SRCROOT/../node_modules/react-native/scripts/launchPackager.command\" || echo \"Can't start packager automatically\"\n  fi\nfi\n";
			showEnvVarsInLog = 0;
		};
/* End PBXShellScriptBuildPhase section */

/* Begin PBXSourcesBuildPhase section */
		13B07F871A680F5B00A75B9A /* Sources */ = {
			isa = PBXSourcesBuildPhase;
			buildActionMask = 2147483647;
			files = (
				13B07FBC1A68108700A75B9A /* AppDelegate.m in Sources */,
				13B07FC11A68108700A75B9A /* main.m in Sources */,
			);
			runOnlyForDeploymentPostprocessing = 0;
		};
/* End PBXSourcesBuildPhase section */

/* Begin PBXVariantGroup section */
		13B07FB11A68108700A75B9A /* LaunchScreen.xib */ = {
			isa = PBXVariantGroup;
			children = (
				13B07FB21A68108700A75B9A /* Base */,
			);
			name = LaunchScreen.xib;
			path = pictPerfectCIMB;
			sourceTree = "<group>";
		};
/* End PBXVariantGroup section */

/* Begin XCBuildConfiguration section */
		13B07F941A680F5B00A75B9A /* Debug */ = {
			isa = XCBuildConfiguration;
			baseConfigurationReference = 6C2E3173556A471DD304B334 /* Pods-pictPerfectCIMB.debug.xcconfig */;
			buildSettings = {
				ASSETCATALOG_COMPILER_APPICON_NAME = AppIcon;
				CLANG_ENABLE_MODULES = YES;
				CURRENT_PROJECT_VERSION = 1;
				ENABLE_BITCODE = NO;
				GCC_PREPROCESSOR_DEFINITIONS = (
					"$(inherited)",
					"FB_SONARKIT_ENABLED=1",
				);
				INFOPLIST_FILE = pictPerfectCIMB/Info.plist;
				IPHONEOS_DEPLOYMENT_TARGET = 10.0;
				LD_RUNPATH_SEARCH_PATHS = "$(inherited) @executable_path/Frameworks";
				OTHER_LDFLAGS = (
					"$(inherited)",
					"-ObjC",
					"-lc++",
				);
				PRODUCT_BUNDLE_IDENTIFIER = org.name.pictPerfectCIMB;
				PRODUCT_NAME = pictPerfectCIMB;
				SWIFT_OPTIMIZATION_LEVEL = "-Onone";
				SWIFT_VERSION = 5.0;
				VERSIONING_SYSTEM = "apple-generic";
			};
			name = Debug;
		};
		13B07F951A680F5B00A75B9A /* Release */ = {
			isa = XCBuildConfiguration;
			baseConfigurationReference = 7A4D352CD337FB3A3BF06240 /* Pods-pictPerfectCIMB.release.xcconfig */;
			buildSettings = {
				ASSETCATALOG_COMPILER_APPICON_NAME = AppIcon;
				CLANG_ENABLE_MODULES = YES;
				CURRENT_PROJECT_VERSION = 1;
				INFOPLIST_FILE = pictPerfectCIMB/Info.plist;
				IPHONEOS_DEPLOYMENT_TARGET = 10.0;
				LD_RUNPATH_SEARCH_PATHS = "$(inherited) @executable_path/Frameworks";
				OTHER_LDFLAGS = (
					"$(inherited)",
					"-ObjC",
					"-lc++",
				);
				PRODUCT_BUNDLE_IDENTIFIER = org.name.pictPerfectCIMB;
				PRODUCT_NAME = pictPerfectCIMB;
				SWIFT_VERSION = 5.0;
				VERSIONING_SYSTEM = "apple-generic";
			};
			name = Release;
		};
		83CBBA201A601CBA00E9B192 /* Debug */ = {
			isa = XCBuildConfiguration;
			buildSettings = {
				ALWAYS_SEARCH_USER_PATHS = NO;
				CLANG_ANALYZER_LOCALIZABILITY_NONLOCALIZED = YES;
				CLANG_CXX_LANGUAGE_STANDARD = "gnu++0x";
				CLANG_CXX_LIBRARY = "libc++";
				CLANG_ENABLE_MODULES = YES;
				CLANG_ENABLE_OBJC_ARC = YES;
				CLANG_WARN_BLOCK_CAPTURE_AUTORELEASING = YES;
				CLANG_WARN_BOOL_CONVERSION = YES;
				CLANG_WARN_COMMA = YES;
				CLANG_WARN_CONSTANT_CONVERSION = YES;
				CLANG_WARN_DEPRECATED_OBJC_IMPLEMENTATIONS = YES;
				CLANG_WARN_DIRECT_OBJC_ISA_USAGE = YES_ERROR;
				CLANG_WARN_EMPTY_BODY = YES;
				CLANG_WARN_ENUM_CONVERSION = YES;
				CLANG_WARN_INFINITE_RECURSION = YES;
				CLANG_WARN_INT_CONVERSION = YES;
				CLANG_WARN_NON_LITERAL_NULL_CONVERSION = YES;
				CLANG_WARN_OBJC_IMPLICIT_RETAIN_SELF = YES;
				CLANG_WARN_OBJC_LITERAL_CONVERSION = YES;
				CLANG_WARN_OBJC_ROOT_CLASS = YES_ERROR;
				CLANG_WARN_RANGE_LOOP_ANALYSIS = YES;
				CLANG_WARN_STRICT_PROTOTYPES = YES;
				CLANG_WARN_SUSPICIOUS_MOVE = YES;
				CLANG_WARN_UNREACHABLE_CODE = YES;
				CLANG_WARN__DUPLICATE_METHOD_MATCH = YES;
				"CODE_SIGN_IDENTITY[sdk=iphoneos*]" = "iPhone Developer";
				COPY_PHASE_STRIP = NO;
				ENABLE_STRICT_OBJC_MSGSEND = YES;
				ENABLE_TESTABILITY = YES;
				GCC_C_LANGUAGE_STANDARD = gnu99;
				GCC_DYNAMIC_NO_PIC = NO;
				GCC_NO_COMMON_BLOCKS = YES;
				GCC_OPTIMIZATION_LEVEL = 0;
				GCC_PREPROCESSOR_DEFINITIONS = (
					"DEBUG=1",
					"$(inherited)",
				);
				GCC_SYMBOLS_PRIVATE_EXTERN = NO;
				GCC_WARN_64_TO_32_BIT_CONVERSION = YES;
				GCC_WARN_ABOUT_RETURN_TYPE = YES_ERROR;
				GCC_WARN_UNDECLARED_SELECTOR = YES;
				GCC_WARN_UNINITIALIZED_AUTOS = YES_AGGRESSIVE;
				GCC_WARN_UNUSED_FUNCTION = YES;
				GCC_WARN_UNUSED_VARIABLE = YES;
				IPHONEOS_DEPLOYMENT_TARGET = 10.0;
				LD_RUNPATH_SEARCH_PATHS = "/usr/lib/swift $(inherited)";
				LIBRARY_SEARCH_PATHS = (
					"\"$(TOOLCHAIN_DIR)/usr/lib/swift/$(PLATFORM_NAME)\"",
					"\"$(TOOLCHAIN_DIR)/usr/lib/swift-5.0/$(PLATFORM_NAME)\"",
					"\"$(inherited)\"",
				);
				MTL_ENABLE_DEBUG_INFO = YES;
				ONLY_ACTIVE_ARCH = YES;
				SDKROOT = iphoneos;
			};
			name = Debug;
		};
		83CBBA211A601CBA00E9B192 /* Release */ = {
			isa = XCBuildConfiguration;
			buildSettings = {
				ALWAYS_SEARCH_USER_PATHS = NO;
				CLANG_ANALYZER_LOCALIZABILITY_NONLOCALIZED = YES;
				CLANG_CXX_LANGUAGE_STANDARD = "gnu++0x";
				CLANG_CXX_LIBRARY = "libc++";
				CLANG_ENABLE_MODULES = YES;
				CLANG_ENABLE_OBJC_ARC = YES;
				CLANG_WARN_BLOCK_CAPTURE_AUTORELEASING = YES;
				CLANG_WARN_BOOL_CONVERSION = YES;
				CLANG_WARN_COMMA = YES;
				CLANG_WARN_CONSTANT_CONVERSION = YES;
				CLANG_WARN_DEPRECATED_OBJC_IMPLEMENTATIONS = YES;
				CLANG_WARN_DIRECT_OBJC_ISA_USAGE = YES_ERROR;
				CLANG_WARN_EMPTY_BODY = YES;
				CLANG_WARN_ENUM_CONVERSION = YES;
				CLANG_WARN_INFINITE_RECURSION = YES;
				CLANG_WARN_INT_CONVERSION = YES;
				CLANG_WARN_NON_LITERAL_NULL_CONVERSION = YES;
				CLANG_WARN_OBJC_IMPLICIT_RETAIN_SELF = YES;
				CLANG_WARN_OBJC_LITERAL_CONVERSION = YES;
				CLANG_WARN_OBJC_ROOT_CLASS = YES_ERROR;
				CLANG_WARN_RANGE_LOOP_ANALYSIS = YES;
				CLANG_WARN_STRICT_PROTOTYPES = YES;
				CLANG_WARN_SUSPICIOUS_MOVE = YES;
				CLANG_WARN_UNREACHABLE_CODE = YES;
				CLANG_WARN__DUPLICATE_METHOD_MATCH = YES;
				"CODE_SIGN_IDENTITY[sdk=iphoneos*]" = "iPhone Developer";
				COPY_PHASE_STRIP = YES;
				ENABLE_NS_ASSERTIONS = NO;
				ENABLE_STRICT_OBJC_MSGSEND = YES;
				GCC_C_LANGUAGE_STANDARD = gnu99;
				GCC_NO_COMMON_BLOCKS = YES;
				GCC_WARN_64_TO_32_BIT_CONVERSION = YES;
				GCC_WARN_ABOUT_RETURN_TYPE = YES_ERROR;
				GCC_WARN_UNDECLARED_SELECTOR = YES;
				GCC_WARN_UNINITIALIZED_AUTOS = YES_AGGRESSIVE;
				GCC_WARN_UNUSED_FUNCTION = YES;
				GCC_WARN_UNUSED_VARIABLE = YES;
				IPHONEOS_DEPLOYMENT_TARGET = 10.0;
				LD_RUNPATH_SEARCH_PATHS = "/usr/lib/swift $(inherited)";
				LIBRARY_SEARCH_PATHS = (
					"\"$(TOOLCHAIN_DIR)/usr/lib/swift/$(PLATFORM_NAME)\"",
					"\"$(TOOLCHAIN_DIR)/usr/lib/swift-5.0/$(PLATFORM_NAME)\"",
					"\"$(inherited)\"",
				);
				MTL_ENABLE_DEBUG_INFO = NO;
				SDKROOT = iphoneos;
				VALIDATE_PRODUCT = YES;
			};
			name = Release;
		};
/* End XCBuildConfiguration section */

/* Begin XCConfigurationList section */
		13B07F931A680F5B00A75B9A /* Build configuration list for PBXNativeTarget "pictPerfectCIMB" */ = {
			isa = XCConfigurationList;
			buildConfigurations = (
				13B07F941A680F5B00A75B9A /* Debug */,
				13B07F951A680F5B00A75B9A /* Release */,
			);
			defaultConfigurationIsVisible = 0;
			defaultConfigurationName = Release;
		};
		83CBB9FA1A601CBA00E9B192 /* Build configuration list for PBXProject "pictPerfectCIMB" */ = {
			isa = XCConfigurationList;
			buildConfigurations = (
				83CBBA201A601CBA00E9B192 /* Debug */,
				83CBBA211A601CBA00E9B192 /* Release */,
			);
			defaultConfigurationIsVisible = 0;
			defaultConfigurationName = Release;
		};
/* End XCConfigurationList section */
	};
	rootObject = 83CBB9F71A601CBA00E9B192 /* Project object */;
}
